
Microsoft Visual Studio Solution File, Format Version 12.00
# Visual Studio Version 17
VisualStudioVersion = 17.12.35527.113
MinimumVisualStudioVersion = 10.0.40219.1
Project("{FAE04EC0-301F-11D3-BF4B-00C04F79EFBC}") = "Stark.Configuration", "src\Stark.Configuration\Stark.Configuration.csproj", "{8AEEE9E9-1CEC-464C-A289-823EA60E292A}"
EndProject
Project("{FAE04EC0-301F-11D3-BF4B-00C04F79EFBC}") = "Stark.Configuration.Test", "tests\Stark.Configuration.Test\Stark.Configuration.Test.csproj", "{31A4316E-ACEF-4222-8E62-C0952A62DCF4}"
EndProject
Global
	GlobalSection(SolutionConfigurationPlatforms) = preSolution
		Debug|Any CPU = Debug|Any CPU
		Release|Any CPU = Release|Any CPU
	EndGlobalSection
	GlobalSection(ProjectConfigurationPlatforms) = postSolution
		{8AEEE9E9-1CEC-464C-A289-823EA60E292A}.Debug|Any CPU.ActiveCfg = Debug|Any CPU
		{8AEEE9E9-1CEC-464C-A289-823EA60E292A}.Debug|Any CPU.Build.0 = Debug|Any CPU
		{8AEEE9E9-1CEC-464C-A289-823EA60E292A}.Release|Any CPU.ActiveCfg = Release|Any CPU
		{8AEEE9E9-1CEC-464C-A289-823EA60E292A}.Release|Any CPU.Build.0 = Release|Any CPU
		{31A4316E-ACEF-4222-8E62-C0952A62DCF4}.Debug|Any CPU.ActiveCfg = Debug|Any CPU
		{31A4316E-ACEF-4222-8E62-C0952A62DCF4}.Debug|Any CPU.Build.0 = Debug|Any CPU
		{31A4316E-ACEF-4222-8E62-C0952A62DCF4}.Release|Any CPU.ActiveCfg = Release|Any CPU
		{31A4316E-ACEF-4222-8E62-C0952A62DCF4}.Release|Any CPU.Build.0 = Release|Any CPU
	EndGlobalSection
	GlobalSection(SolutionProperties) = preSolution
		HideSolutionNode = FALSE
	EndGlobalSection
EndGlobal
